PODS:
  - Macaw (0.8.1):
    - SWXMLHash (~> 3.0.0)
  - SWXMLHash (3.0.4)

DEPENDENCIES:
  - Macaw (= 0.8.1)

SPEC CHECKSUMS:
  Macaw: 4aeac5414dfbc650d5ad343b21224af927f1697c
  SWXMLHash: 29d20b84692fc319ea8ed933058fe7d8d005139b

PODFILE CHECKSUM: 3e678cdcd2a319a2152d2678d0f0bb2ba995ee28

COCOAPODS: 1.1.1
