PODS:
  - Macaw (0.8.2):
    - SWXMLHash (~> 3.0.0)
  - SWXMLHash (3.0.4)

DEPENDENCIES:
  - Macaw (= 0.8.2)

SPEC CHECKSUMS:
  Macaw: d01bec971b24be4232895d08482a791c403ce513
  SWXMLHash: 29d20b84692fc319ea8ed933058fe7d8d005139b

PODFILE CHECKSUM: 1e7f2124ba4b0cbf58915442dc0313af4df02500

COCOAPODS: 1.1.1
